
Microsoft Visual Studio Solution File, Format Version 12.00
# Visual Studio Version 17
VisualStudioVersion = 17.0.31903.59
MinimumVisualStudioVersion = 10.0.40219.1
Project("{2150E333-8FDC-42A3-9474-1A3956D46DE8}") = "src", "src", "{DEB246A7-9357-4214-9400-2CE59BFF365B}"
EndProject
Project("{FAE04EC0-301F-11D3-BF4B-00C04F79EFBC}") = "AsyncProcessor", "src\AsyncProcessor\AsyncProcessor.csproj", "{976C6EB9-B1A2-42EF-864D-871438CC287E}"
EndProject
Project("{FAE04EC0-301F-11D3-BF4B-00C04F79EFBC}") = "AsyncProcessor.Cdk", "src\AsyncProcessor.Cdk\AsyncProcessor.Cdk.csproj", "{0B333321-A7A3-4B89-9E82-983C9BFEE583}"
EndProject
Global
	GlobalSection(SolutionConfigurationPlatforms) = preSolution
		Debug|Any CPU = Debug|Any CPU
		Release|Any CPU = Release|Any CPU
	EndGlobalSection
	GlobalSection(SolutionProperties) = preSolution
		HideSolutionNode = FALSE
	EndGlobalSection
	GlobalSection(ProjectConfigurationPlatforms) = postSolution
		{976C6EB9-B1A2-42EF-864D-871438CC287E}.Debug|Any CPU.ActiveCfg = Debug|Any CPU
		{976C6EB9-B1A2-42EF-864D-871438CC287E}.Debug|Any CPU.Build.0 = Debug|Any CPU
		{976C6EB9-B1A2-42EF-864D-871438CC287E}.Release|Any CPU.ActiveCfg = Release|Any CPU
		{976C6EB9-B1A2-42EF-864D-871438CC287E}.Release|Any CPU.Build.0 = Release|Any CPU
		{0B333321-A7A3-4B89-9E82-983C9BFEE583}.Debug|Any CPU.ActiveCfg = Debug|Any CPU
		{0B333321-A7A3-4B89-9E82-983C9BFEE583}.Debug|Any CPU.Build.0 = Debug|Any CPU
		{0B333321-A7A3-4B89-9E82-983C9BFEE583}.Release|Any CPU.ActiveCfg = Release|Any CPU
		{0B333321-A7A3-4B89-9E82-983C9BFEE583}.Release|Any CPU.Build.0 = Release|Any CPU
	EndGlobalSection
	GlobalSection(NestedProjects) = preSolution
		{976C6EB9-B1A2-42EF-864D-871438CC287E} = {DEB246A7-9357-4214-9400-2CE59BFF365B}
		{0B333321-A7A3-4B89-9E82-983C9BFEE583} = {DEB246A7-9357-4214-9400-2CE59BFF365B}
	EndGlobalSection
EndGlobal
